<?xml version="1.0" encoding="utf-8"?>
<Project ToolsVersion="4.0" xmlns="http://schemas.microsoft.com/developer/msbuild/2003">
  <ItemGroup>
    <Filter Include="源文件">
      <UniqueIdentifier>{4FC737F1-C7A5-4376-A066-2A32D752A2FF}</UniqueIdentifier>
      <Extensions>cpp;c;cc;cxx;def;odl;idl;hpj;bat;asm;asmx</Extensions>
    </Filter>
    <Filter Include="头文件">
      <UniqueIdentifier>{93995380-89BD-4b04-88EB-625FBE52EBFB}</UniqueIdentifier>
      <Extensions>h;hh;hpp;hxx;hm;inl;inc;ipp;xsd</Extensions>
    </Filter>
    <Filter Include="资源文件">
      <UniqueIdentifier>{67DA6AB6-F800-4c08-8B7A-83BB121AAD01}</UniqueIdentifier>
      <Extensions>rc;ico;cur;bmp;dlg;rc2;rct;bin;rgs;gif;jpg;jpeg;jpe;resx;tiff;tif;png;wav;mfcribbon-ms</Extensions>
    </Filter>
    <Filter Include="源文件\内存四区">
      <UniqueIdentifier>{4ae9d494-ca13-489b-ae9e-dca0cda1695a}</UniqueIdentifier>
    </Filter>
    <Filter Include="源文件\引用">
      <UniqueIdentifier>{51486fcc-78d8-4434-bddb-a21300e9aeaa}</UniqueIdentifier>
    </Filter>
    <Filter Include="源文件\函数提高">
      <UniqueIdentifier>{45a4e4a3-5f12-4c16-9fc8-ab0a584a907a}</UniqueIdentifier>
    </Filter>
    <Filter Include="源文件\类和对象">
      <UniqueIdentifier>{10d5ee00-7047-4da9-8120-d93389fdf35a}</UniqueIdentifier>
    </Filter>
    <Filter Include="源文件\文件操作">
      <UniqueIdentifier>{244dd7b6-04f1-4beb-9fef-863b446b90f8}</UniqueIdentifier>
    </Filter>
  </ItemGroup>
  <ItemGroup>
    <ClCompile Include="全局区_lof_1.cpp">
      <Filter>源文件\内存四区</Filter>
    </ClCompile>
    <ClCompile Include="栈与堆_lof_2.cpp">
      <Filter>源文件\内存四区</Filter>
    </ClCompile>
    <ClCompile Include="new操作符_lof_3.cpp">
      <Filter>源文件\内存四区</Filter>
    </ClCompile>
    <ClCompile Include="引用_lof_4.cpp">
      <Filter>源文件\引用</Filter>
    </ClCompile>
    <ClCompile Include="函数提高_lof_5.cpp">
      <Filter>源文件\函数提高</Filter>
    </ClCompile>
    <ClCompile Include="圆形与学生信息示例_lof_6.cpp">
      <Filter>源文件\类和对象</Filter>
    </ClCompile>
    <ClCompile Include="访问权限_lof_7.cpp">
      <Filter>源文件\类和对象</Filter>
    </ClCompile>
    <ClCompile Include="成员信息私有化_lof_8.cpp">
      <Filter>源文件\类和对象</Filter>
    </ClCompile>
    <ClCompile Include="cube_lof_9.cpp">
      <Filter>源文件\类和对象</Filter>
    </ClCompile>
    <ClCompile Include="circle_point_lof_10.cpp">
      <Filter>源文件\类和对象</Filter>
    </ClCompile>
    <ClCompile Include="point.cpp">
      <Filter>源文件\类和对象</Filter>
    </ClCompile>
    <ClCompile Include="circle.cpp">
      <Filter>源文件\类和对象</Filter>
    </ClCompile>
    <ClCompile Include="构造与析构_lof_11.cpp">
      <Filter>源文件\类和对象</Filter>
    </ClCompile>
    <ClCompile Include="分类与调用_lof_12.cpp">
      <Filter>源文件\类和对象</Filter>
    </ClCompile>
    <ClCompile Include="拷贝构造函数调用_lof_13.cpp">
      <Filter>源文件\类和对象</Filter>
    </ClCompile>
    <ClCompile Include="初始化列表_lof_16.cpp">
      <Filter>源文件\类和对象</Filter>
    </ClCompile>
    <ClCompile Include="构造函数调用规则_lof_14.cpp">
      <Filter>源文件\类和对象</Filter>
    </ClCompile>
    <ClCompile Include="类和对象_对象特性_lof_17.cpp">
      <Filter>源文件\类和对象</Filter>
    </ClCompile>
    <ClCompile Include="深拷贝与浅拷贝_lof_15.cpp">
      <Filter>源文件\类和对象</Filter>
    </ClCompile>
    <ClCompile Include="成员变量_成员函数_lof_18.cpp">
      <Filter>源文件\类和对象</Filter>
    </ClCompile>
    <ClCompile Include="this指针_lof_19.cpp">
      <Filter>源文件\类和对象</Filter>
    </ClCompile>
    <ClCompile Include="常函数常对象_lof_20.cpp">
      <Filter>源文件\类和对象</Filter>
    </ClCompile>
    <ClCompile Include="友元_lof_21.cpp">
      <Filter>源文件\类和对象</Filter>
    </ClCompile>
    <ClCompile Include="运算符重载_lof_22.cpp">
      <Filter>源文件\类和对象</Filter>
    </ClCompile>
    <ClCompile Include="运算符重载2_lof_23.cpp">
      <Filter>源文件\类和对象</Filter>
    </ClCompile>
    <ClCompile Include="运算符重载3_lof_24.cpp">
      <Filter>源文件\类和对象</Filter>
    </ClCompile>
    <ClCompile Include="继承_lof_25.cpp">
      <Filter>源文件\类和对象</Filter>
    </ClCompile>
    <ClCompile Include="继承_lof_26.cpp">
      <Filter>源文件\类和对象</Filter>
    </ClCompile>
  </ItemGroup>
  <ItemGroup>
    <ClInclude Include="point.h">
      <Filter>头文件</Filter>
    </ClInclude>
    <ClInclude Include="circle.h">
      <Filter>头文件</Filter>
    </ClInclude>
  </ItemGroup>
  <ItemGroup>
    <None Include="ClassDiagram.cd" />
    <None Include="ClassDiagram1.cd" />
  </ItemGroup>
</Project>