<?xml version="1.0" encoding="utf-8"?>
<Project ToolsVersion="4.0" xmlns="http://schemas.microsoft.com/developer/msbuild/2003">
  <ItemGroup>
    <Filter Include="源文件">
      <UniqueIdentifier>{4FC737F1-C7A5-4376-A066-2A32D752A2FF}</UniqueIdentifier>
      <Extensions>cpp;c;cc;cxx;def;odl;idl;hpj;bat;asm;asmx</Extensions>
    </Filter>
    <Filter Include="头文件">
      <UniqueIdentifier>{93995380-89BD-4b04-88EB-625FBE52EBFB}</UniqueIdentifier>
      <Extensions>h;hh;hpp;hxx;hm;inl;inc;ipp;xsd</Extensions>
    </Filter>
    <Filter Include="资源文件">
      <UniqueIdentifier>{67DA6AB6-F800-4c08-8B7A-83BB121AAD01}</UniqueIdentifier>
      <Extensions>rc;ico;cur;bmp;dlg;rc2;rct;bin;rgs;gif;jpg;jpeg;jpe;resx;tiff;tif;png;wav;mfcribbon-ms</Extensions>
    </Filter>
    <Filter Include="源文件\第一章_初识">
      <UniqueIdentifier>{9b767212-9f18-4168-a188-5ba0fe26c0b8}</UniqueIdentifier>
    </Filter>
    <Filter Include="源文件\第二章_数据类型">
      <UniqueIdentifier>{8f7d1063-0849-4bdf-92c2-ea5ee4d1478b}</UniqueIdentifier>
    </Filter>
    <Filter Include="源文件\第三章_运算符">
      <UniqueIdentifier>{214cc628-bb04-40e4-b2a8-3c15abb6ab34}</UniqueIdentifier>
    </Filter>
    <Filter Include="源文件\第四章_程序流程结构">
      <UniqueIdentifier>{b6a14db2-49ea-449e-b46f-b01ba51cc107}</UniqueIdentifier>
    </Filter>
    <Filter Include="源文件\第五章_数组">
      <UniqueIdentifier>{06fe98b5-1185-4bb4-a8ad-93f7681ec0b8}</UniqueIdentifier>
    </Filter>
    <Filter Include="源文件\第六章_函数">
      <UniqueIdentifier>{1cbdab8c-16c9-4d8f-9db3-63836a0290da}</UniqueIdentifier>
    </Filter>
    <Filter Include="源文件\第六章_函数\different_file_lof_49">
      <UniqueIdentifier>{c7e5a95d-5a08-4b28-87a6-d29b0d9bd7da}</UniqueIdentifier>
    </Filter>
    <Filter Include="源文件\第七章_指针">
      <UniqueIdentifier>{f01f7d10-0a2b-4dd9-a5e9-226410332de2}</UniqueIdentifier>
    </Filter>
    <Filter Include="源文件\第八章_结构体">
      <UniqueIdentifier>{28063208-b279-49e3-8de9-12cf34e3ce7d}</UniqueIdentifier>
    </Filter>
    <Filter Include="源文件\通讯录练习">
      <UniqueIdentifier>{008b56b8-efe4-4c0e-86c6-76f28ed40595}</UniqueIdentifier>
    </Filter>
  </ItemGroup>
  <ItemGroup>
    <ClCompile Include="variation.cpp">
      <Filter>源文件\第一章_初识</Filter>
    </ClCompile>
    <ClCompile Include="backslash_转义符_lof_11.cpp">
      <Filter>源文件\第二章_数据类型</Filter>
    </ClCompile>
    <ClCompile Include="bool_lof_13.cpp">
      <Filter>源文件\第二章_数据类型</Filter>
    </ClCompile>
    <ClCompile Include="char_lof_10.cpp">
      <Filter>源文件\第二章_数据类型</Filter>
    </ClCompile>
    <ClCompile Include="cin_lof_14.cpp">
      <Filter>源文件\第二章_数据类型</Filter>
    </ClCompile>
    <ClCompile Include="data_type_1.cpp">
      <Filter>源文件\第二章_数据类型</Filter>
    </ClCompile>
    <ClCompile Include="float_double_lof_9.cpp">
      <Filter>源文件\第二章_数据类型</Filter>
    </ClCompile>
    <ClCompile Include="sizeof_lof_8.cpp">
      <Filter>源文件\第二章_数据类型</Filter>
    </ClCompile>
    <ClCompile Include="string_char_lof_12.cpp">
      <Filter>源文件\第二章_数据类型</Filter>
    </ClCompile>
    <ClCompile Include="calculate_lof_15.cpp">
      <Filter>源文件\第三章_运算符</Filter>
    </ClCompile>
    <ClCompile Include="calculate_lof_16.cpp">
      <Filter>源文件\第三章_运算符</Filter>
    </ClCompile>
    <ClCompile Include="calculate_lof_17.cpp">
      <Filter>源文件\第三章_运算符</Filter>
    </ClCompile>
    <ClCompile Include="calculate_lof_18.cpp">
      <Filter>源文件\第三章_运算符</Filter>
    </ClCompile>
    <ClCompile Include="calculate_lof_19.cpp">
      <Filter>源文件\第三章_运算符</Filter>
    </ClCompile>
    <ClCompile Include="calculate_lof_20.cpp">
      <Filter>源文件\第三章_运算符</Filter>
    </ClCompile>
    <ClCompile Include="if_else_lof_21.cpp">
      <Filter>源文件\第四章_程序流程结构</Filter>
    </ClCompile>
    <ClCompile Include="if_in_if_lof_22.cpp">
      <Filter>源文件\第四章_程序流程结构</Filter>
    </ClCompile>
    <ClCompile Include="threePigs_lof_23.cpp">
      <Filter>源文件\第四章_程序流程结构</Filter>
    </ClCompile>
    <ClCompile Include="conditional_operator_lof_24.cpp">
      <Filter>源文件\第四章_程序流程结构</Filter>
    </ClCompile>
    <ClCompile Include="switch_lof_25.cpp">
      <Filter>源文件\第四章_程序流程结构</Filter>
    </ClCompile>
    <ClCompile Include="while_lof_26.cpp">
      <Filter>源文件\第四章_程序流程结构</Filter>
    </ClCompile>
    <ClCompile Include="guess_num_lof_27.cpp">
      <Filter>源文件\第四章_程序流程结构</Filter>
    </ClCompile>
    <ClCompile Include="do_while_lof_28.cpp">
      <Filter>源文件\第四章_程序流程结构</Filter>
    </ClCompile>
    <ClCompile Include="Narcissistic_number_lof_29.cpp">
      <Filter>源文件\第四章_程序流程结构</Filter>
    </ClCompile>
    <ClCompile Include="for_lof_30.cpp">
      <Filter>源文件\第四章_程序流程结构</Filter>
    </ClCompile>
    <ClCompile Include="knock_knock_lof_31.cpp">
      <Filter>源文件\第四章_程序流程结构</Filter>
    </ClCompile>
    <ClCompile Include="iteration_lof_32.cpp">
      <Filter>源文件\第四章_程序流程结构</Filter>
    </ClCompile>
    <ClCompile Include="乘法口诀表_lof_33.cpp">
      <Filter>源文件\第四章_程序流程结构</Filter>
    </ClCompile>
    <ClCompile Include="break_lof_34.cpp">
      <Filter>源文件\第四章_程序流程结构</Filter>
    </ClCompile>
    <ClCompile Include="continue_lof_35.cpp">
      <Filter>源文件\第四章_程序流程结构</Filter>
    </ClCompile>
    <ClCompile Include="goto_lof_36.cpp">
      <Filter>源文件\第四章_程序流程结构</Filter>
    </ClCompile>
    <ClCompile Include="array_define_lof_37.cpp">
      <Filter>源文件\第五章_数组</Filter>
    </ClCompile>
    <ClCompile Include="array_name_lof_38.cpp">
      <Filter>源文件\第五章_数组</Filter>
    </ClCompile>
    <ClCompile Include="pig_weight_lof_39.cpp">
      <Filter>源文件\第五章_数组</Filter>
    </ClCompile>
    <ClCompile Include="reverse_lof_40.cpp">
      <Filter>源文件\第五章_数组</Filter>
    </ClCompile>
    <ClCompile Include="bubble_lof_41.cpp">
      <Filter>源文件\第五章_数组</Filter>
    </ClCompile>
    <ClCompile Include="array_2devision_lof_42.cpp">
      <Filter>源文件\第五章_数组</Filter>
    </ClCompile>
    <ClCompile Include="array_2devision_name_lof_43.cpp">
      <Filter>源文件\第五章_数组</Filter>
    </ClCompile>
    <ClCompile Include="total_score_lof_44.cpp">
      <Filter>源文件\第五章_数组</Filter>
    </ClCompile>
    <ClCompile Include="define_function_lof_45.cpp">
      <Filter>源文件\第六章_函数</Filter>
    </ClCompile>
    <ClCompile Include="value_swap_lof_46.cpp">
      <Filter>源文件\第六章_函数</Filter>
    </ClCompile>
    <ClCompile Include="function_usual_lof_47.cpp">
      <Filter>源文件\第六章_函数</Filter>
    </ClCompile>
    <ClCompile Include="declare_defind_lof_48.cpp">
      <Filter>源文件\第六章_函数</Filter>
    </ClCompile>
    <ClCompile Include="diff_file.cpp">
      <Filter>源文件\第六章_函数\different_file_lof_49</Filter>
    </ClCompile>
    <ClCompile Include="diff_file_run.cpp">
      <Filter>源文件\第六章_函数\different_file_lof_49</Filter>
    </ClCompile>
    <ClCompile Include="point_lof_50.cpp">
      <Filter>源文件\第七章_指针</Filter>
    </ClCompile>
    <ClCompile Include="point_lof_52.cpp">
      <Filter>源文件\第七章_指针</Filter>
    </ClCompile>
    <ClCompile Include="point_size_lof_51.cpp">
      <Filter>源文件\第七章_指针</Filter>
    </ClCompile>
    <ClCompile Include="point_const_lof_53.cpp">
      <Filter>源文件\第七章_指针</Filter>
    </ClCompile>
    <ClCompile Include="point_and_arry_lof_54.cpp">
      <Filter>源文件\第七章_指针</Filter>
    </ClCompile>
    <ClCompile Include="point_lof_55.cpp">
      <Filter>源文件\第七章_指针</Filter>
    </ClCompile>
    <ClCompile Include="point_arry_function_lof_56.cpp">
      <Filter>源文件\第七章_指针</Filter>
    </ClCompile>
    <ClCompile Include="struct_lof_57.cpp">
      <Filter>源文件\第八章_结构体</Filter>
    </ClCompile>
    <ClCompile Include="struct_array_lof_58.cpp">
      <Filter>源文件\第八章_结构体</Filter>
    </ClCompile>
    <ClCompile Include="point_of_struct_lof_59.cpp">
      <Filter>源文件\第八章_结构体</Filter>
    </ClCompile>
    <ClCompile Include="struct_in_struct_lof_60.cpp">
      <Filter>源文件\第八章_结构体</Filter>
    </ClCompile>
    <ClCompile Include="struct_in_fuction_lof_61.cpp">
      <Filter>源文件\第八章_结构体</Filter>
    </ClCompile>
    <ClCompile Include="const_struct_lof_62.cpp">
      <Filter>源文件\第八章_结构体</Filter>
    </ClCompile>
    <ClCompile Include="struct_test_lof_63.cpp">
      <Filter>源文件\第八章_结构体</Filter>
    </ClCompile>
    <ClCompile Include="struct_test_lof_64.cpp">
      <Filter>源文件\第八章_结构体</Filter>
    </ClCompile>
    <ClCompile Include="通讯录工具.cpp">
      <Filter>源文件\通讯录练习</Filter>
    </ClCompile>
    <ClCompile Include="hello_world_lof_1.cpp">
      <Filter>源文件\第一章_初识</Filter>
    </ClCompile>
    <ClCompile Include="commit_info_lof_2.cpp">
      <Filter>源文件\第一章_初识</Filter>
    </ClCompile>
    <ClCompile Include="constant_lof_3.cpp">
      <Filter>源文件\第一章_初识</Filter>
    </ClCompile>
    <ClCompile Include="keyword_and_namerule_lof4.cpp">
      <Filter>源文件\第一章_初识</Filter>
    </ClCompile>
  </ItemGroup>
  <ItemGroup>
    <ClInclude Include="diff_file.h">
      <Filter>源文件\第六章_函数\different_file_lof_49</Filter>
    </ClInclude>
  </ItemGroup>
</Project>