<?xml version="1.0" encoding="utf-8"?>
<Project ToolsVersion="4.0" xmlns="http://schemas.microsoft.com/developer/msbuild/2003">
  <ItemGroup>
    <Filter Include="源文件">
      <UniqueIdentifier>{4FC737F1-C7A5-4376-A066-2A32D752A2FF}</UniqueIdentifier>
      <Extensions>cpp;c;cc;cxx;def;odl;idl;hpj;bat;asm;asmx</Extensions>
    </Filter>
    <Filter Include="头文件">
      <UniqueIdentifier>{93995380-89BD-4b04-88EB-625FBE52EBFB}</UniqueIdentifier>
      <Extensions>h;hh;hpp;hxx;hm;inl;inc;ipp;xsd</Extensions>
    </Filter>
    <Filter Include="资源文件">
      <UniqueIdentifier>{67DA6AB6-F800-4c08-8B7A-83BB121AAD01}</UniqueIdentifier>
      <Extensions>rc;ico;cur;bmp;dlg;rc2;rct;bin;rgs;gif;jpg;jpeg;jpe;resx;tiff;tif;png;wav;mfcribbon-ms</Extensions>
    </Filter>
    <Filter Include="源文件\第一章_初识">
      <UniqueIdentifier>{9b767212-9f18-4168-a188-5ba0fe26c0b8}</UniqueIdentifier>
    </Filter>
    <Filter Include="源文件\第二章_数据类型">
      <UniqueIdentifier>{8f7d1063-0849-4bdf-92c2-ea5ee4d1478b}</UniqueIdentifier>
    </Filter>
    <Filter Include="源文件\第三章_运算符">
      <UniqueIdentifier>{214cc628-bb04-40e4-b2a8-3c15abb6ab34}</UniqueIdentifier>
    </Filter>
    <Filter Include="源文件\第四章_程序流程结构">
      <UniqueIdentifier>{b6a14db2-49ea-449e-b46f-b01ba51cc107}</UniqueIdentifier>
    </Filter>
    <Filter Include="源文件\第五章_数组">
      <UniqueIdentifier>{06fe98b5-1185-4bb4-a8ad-93f7681ec0b8}</UniqueIdentifier>
    </Filter>
  </ItemGroup>
  <ItemGroup>
    <ClCompile Include="variation.cpp">
      <Filter>源文件\第一章_初识</Filter>
    </ClCompile>
    <ClCompile Include="commit_info.cpp">
      <Filter>源文件\第一章_初识</Filter>
    </ClCompile>
    <ClCompile Include="constant.cpp">
      <Filter>源文件\第一章_初识</Filter>
    </ClCompile>
    <ClCompile Include="hello_world.cpp">
      <Filter>源文件\第一章_初识</Filter>
    </ClCompile>
    <ClCompile Include="backslash_转义符_lof_11.cpp">
      <Filter>源文件\第二章_数据类型</Filter>
    </ClCompile>
    <ClCompile Include="bool_lof_13.cpp">
      <Filter>源文件\第二章_数据类型</Filter>
    </ClCompile>
    <ClCompile Include="char_lof_10.cpp">
      <Filter>源文件\第二章_数据类型</Filter>
    </ClCompile>
    <ClCompile Include="cin_lof_14.cpp">
      <Filter>源文件\第二章_数据类型</Filter>
    </ClCompile>
    <ClCompile Include="data_type_1.cpp">
      <Filter>源文件\第二章_数据类型</Filter>
    </ClCompile>
    <ClCompile Include="float_double_lof_9.cpp">
      <Filter>源文件\第二章_数据类型</Filter>
    </ClCompile>
    <ClCompile Include="sizeof_lof_8.cpp">
      <Filter>源文件\第二章_数据类型</Filter>
    </ClCompile>
    <ClCompile Include="string_char_lof_12.cpp">
      <Filter>源文件\第二章_数据类型</Filter>
    </ClCompile>
    <ClCompile Include="calculate_lof_15.cpp">
      <Filter>源文件\第三章_运算符</Filter>
    </ClCompile>
    <ClCompile Include="calculate_lof_16.cpp">
      <Filter>源文件\第三章_运算符</Filter>
    </ClCompile>
    <ClCompile Include="calculate_lof_17.cpp">
      <Filter>源文件\第三章_运算符</Filter>
    </ClCompile>
    <ClCompile Include="calculate_lof_18.cpp">
      <Filter>源文件\第三章_运算符</Filter>
    </ClCompile>
    <ClCompile Include="calculate_lof_19.cpp">
      <Filter>源文件\第三章_运算符</Filter>
    </ClCompile>
    <ClCompile Include="calculate_lof_20.cpp">
      <Filter>源文件\第三章_运算符</Filter>
    </ClCompile>
    <ClCompile Include="if_else_lof_21.cpp">
      <Filter>源文件\第四章_程序流程结构</Filter>
    </ClCompile>
    <ClCompile Include="if_in_if_lof_22.cpp">
      <Filter>源文件\第四章_程序流程结构</Filter>
    </ClCompile>
    <ClCompile Include="threePigs_lof_23.cpp">
      <Filter>源文件\第四章_程序流程结构</Filter>
    </ClCompile>
    <ClCompile Include="conditional_operator_lof_24.cpp">
      <Filter>源文件\第四章_程序流程结构</Filter>
    </ClCompile>
    <ClCompile Include="switch_lof_25.cpp">
      <Filter>源文件\第四章_程序流程结构</Filter>
    </ClCompile>
    <ClCompile Include="while_lof_26.cpp">
      <Filter>源文件\第四章_程序流程结构</Filter>
    </ClCompile>
    <ClCompile Include="guess_num_lof_27.cpp">
      <Filter>源文件\第四章_程序流程结构</Filter>
    </ClCompile>
    <ClCompile Include="do_while_lof_28.cpp">
      <Filter>源文件\第四章_程序流程结构</Filter>
    </ClCompile>
    <ClCompile Include="Narcissistic_number_lof_29.cpp">
      <Filter>源文件\第四章_程序流程结构</Filter>
    </ClCompile>
    <ClCompile Include="for_lof_30.cpp">
      <Filter>源文件\第四章_程序流程结构</Filter>
    </ClCompile>
    <ClCompile Include="knock_knock_lof_31.cpp">
      <Filter>源文件\第四章_程序流程结构</Filter>
    </ClCompile>
    <ClCompile Include="iteration_lof_32.cpp">
      <Filter>源文件\第四章_程序流程结构</Filter>
    </ClCompile>
    <ClCompile Include="乘法口诀表_lof_33.cpp">
      <Filter>源文件\第四章_程序流程结构</Filter>
    </ClCompile>
    <ClCompile Include="break_lof_34.cpp">
      <Filter>源文件\第四章_程序流程结构</Filter>
    </ClCompile>
    <ClCompile Include="continue_lof_35.cpp">
      <Filter>源文件\第四章_程序流程结构</Filter>
    </ClCompile>
    <ClCompile Include="goto_lof_36.cpp">
      <Filter>源文件\第四章_程序流程结构</Filter>
    </ClCompile>
    <ClCompile Include="keyword_and_namerule.cpp">
      <Filter>源文件\第一章_初识</Filter>
    </ClCompile>
    <ClCompile Include="array_define_lof_37.cpp">
      <Filter>源文件\第五章_数组</Filter>
    </ClCompile>
    <ClCompile Include="test.cpp">
      <Filter>源文件\第五章_数组</Filter>
    </ClCompile>
  </ItemGroup>
</Project>